// !$*UTF8*$!
{
	archiveVersion = 1;
	classes = {
	};
	objectVersion = 46;
	objects = {

/* Begin PBXBuildFile section */
		96E7BE1E1E2336FA00933D23 /* AppDelegate.swift in Sources */ = {isa = PBXBuildFile; fileRef = 96E7BE1D1E2336FA00933D23 /* AppDelegate.swift */; };
		96E7BE201E2336FA00933D23 /* MainVC.swift in Sources */ = {isa = PBXBuildFile; fileRef = 96E7BE1F1E2336FA00933D23 /* MainVC.swift */; };
		96E7BE231E2336FA00933D23 /* Main.storyboard in Resources */ = {isa = PBXBuildFile; fileRef = 96E7BE211E2336FA00933D23 /* Main.storyboard */; };
		96E7BE251E2336FA00933D23 /* Assets.xcassets in Resources */ = {isa = PBXBuildFile; fileRef = 96E7BE241E2336FA00933D23 /* Assets.xcassets */; };
		96E7BE281E2336FA00933D23 /* LaunchScreen.storyboard in Resources */ = {isa = PBXBuildFile; fileRef = 96E7BE261E2336FA00933D23 /* LaunchScreen.storyboard */; };
		96E7BE331E233DAE00933D23 /* StillTime.ttf in Resources */ = {isa = PBXBuildFile; fileRef = 96E7BE321E233DAE00933D23 /* StillTime.ttf */; };
		96E7BE361E233F4100933D23 /* VideoVC.swift in Sources */ = {isa = PBXBuildFile; fileRef = 96E7BE351E233F4100933D23 /* VideoVC.swift */; };
		96E7BE381E23408000933D23 /* PartyCell.swift in Sources */ = {isa = PBXBuildFile; fileRef = 96E7BE371E23408000933D23 /* PartyCell.swift */; };
		96E7BE3A1E2341C900933D23 /* PartyRock.swift in Sources */ = {isa = PBXBuildFile; fileRef = 96E7BE391E2341C900933D23 /* PartyRock.swift */; };
/* End PBXBuildFile section */

/* Begin PBXFileReference section */
		96E7BE1A1E2336FA00933D23 /* PartyRockApp.app */ = {isa = PBXFileReference; explicitFileType = wrapper.application; includeInIndex = 0; path = PartyRockApp.app; sourceTree = BUILT_PRODUCTS_DIR; };
		96E7BE1D1E2336FA00933D23 /* AppDelegate.swift */ = {isa = PBXFileReference; lastKnownFileType = sourcecode.swift; path = AppDelegate.swift; sourceTree = "<group>"; };
		96E7BE1F1E2336FA00933D23 /* MainVC.swift */ = {isa = PBXFileReference; lastKnownFileType = sourcecode.swift; path = MainVC.swift; sourceTree = "<group>"; };
		96E7BE221E2336FA00933D23 /* Base */ = {isa = PBXFileReference; lastKnownFileType = file.storyboard; name = Base; path = Base.lproj/Main.storyboard; sourceTree = "<group>"; };
		96E7BE241E2336FA00933D23 /* Assets.xcassets */ = {isa = PBXFileReference; lastKnownFileType = folder.assetcatalog; path = Assets.xcassets; sourceTree = "<group>"; };
		96E7BE271E2336FA00933D23 /* Base */ = {isa = PBXFileReference; lastKnownFileType = file.storyboard; name = Base; path = Base.lproj/LaunchScreen.storyboard; sourceTree = "<group>"; };
		96E7BE291E2336FA00933D23 /* Info.plist */ = {isa = PBXFileReference; lastKnownFileType = text.plist.xml; path = Info.plist; sourceTree = "<group>"; };
		96E7BE321E233DAE00933D23 /* StillTime.ttf */ = {isa = PBXFileReference; lastKnownFileType = file; path = StillTime.ttf; sourceTree = "<group>"; };
		96E7BE351E233F4100933D23 /* VideoVC.swift */ = {isa = PBXFileReference; fileEncoding = 4; lastKnownFileType = sourcecode.swift; path = VideoVC.swift; sourceTree = "<group>"; };
		96E7BE371E23408000933D23 /* PartyCell.swift */ = {isa = PBXFileReference; fileEncoding = 4; lastKnownFileType = sourcecode.swift; path = PartyCell.swift; sourceTree = "<group>"; };
		96E7BE391E2341C900933D23 /* PartyRock.swift */ = {isa = PBXFileReference; fileEncoding = 4; lastKnownFileType = sourcecode.swift; path = PartyRock.swift; sourceTree = "<group>"; };
/* End PBXFileReference section */

/* Begin PBXFrameworksBuildPhase section */
		96E7BE171E2336FA00933D23 /* Frameworks */ = {
			isa = PBXFrameworksBuildPhase;
			buildActionMask = 2147483647;
			files = (
			);
			runOnlyForDeploymentPostprocessing = 0;
		};
/* End PBXFrameworksBuildPhase section */

/* Begin PBXGroup section */
		96E7BE111E2336FA00933D23 = {
			isa = PBXGroup;
			children = (
				96E7BE1C1E2336FA00933D23 /* PartyRockApp */,
				96E7BE1B1E2336FA00933D23 /* Products */,
			);
			sourceTree = "<group>";
		};
		96E7BE1B1E2336FA00933D23 /* Products */ = {
			isa = PBXGroup;
			children = (
				96E7BE1A1E2336FA00933D23 /* PartyRockApp.app */,
			);
			name = Products;
			sourceTree = "<group>";
		};
		96E7BE1C1E2336FA00933D23 /* PartyRockApp */ = {
			isa = PBXGroup;
			children = (
				96E7BE341E233DB500933D23 /* Fonts */,
				96E7BE311E23379E00933D23 /* Model */,
				96E7BE301E23379800933D23 /* View */,
				96E7BE2F1E23377400933D23 /* Controller */,
				96E7BE1D1E2336FA00933D23 /* AppDelegate.swift */,
				96E7BE261E2336FA00933D23 /* LaunchScreen.storyboard */,
				96E7BE211E2336FA00933D23 /* Main.storyboard */,
				96E7BE241E2336FA00933D23 /* Assets.xcassets */,
				96E7BE291E2336FA00933D23 /* Info.plist */,
			);
			path = PartyRockApp;
			sourceTree = "<group>";
		};
		96E7BE2F1E23377400933D23 /* Controller */ = {
			isa = PBXGroup;
			children = (
				96E7BE1F1E2336FA00933D23 /* MainVC.swift */,
				96E7BE351E233F4100933D23 /* VideoVC.swift */,
			);
			name = Controller;
			sourceTree = "<group>";
		};
		96E7BE301E23379800933D23 /* View */ = {
			isa = PBXGroup;
			children = (
				96E7BE371E23408000933D23 /* PartyCell.swift */,
			);
			name = View;
			sourceTree = "<group>";
		};
		96E7BE311E23379E00933D23 /* Model */ = {
			isa = PBXGroup;
			children = (
				96E7BE391E2341C900933D23 /* PartyRock.swift */,
			);
			name = Model;
			sourceTree = "<group>";
		};
		96E7BE341E233DB500933D23 /* Fonts */ = {
			isa = PBXGroup;
			children = (
				96E7BE321E233DAE00933D23 /* StillTime.ttf */,
			);
			name = Fonts;
			sourceTree = "<group>";
		};
/* End PBXGroup section */

/* Begin PBXNativeTarget section */
		96E7BE191E2336FA00933D23 /* PartyRockApp */ = {
			isa = PBXNativeTarget;
			buildConfigurationList = 96E7BE2C1E2336FA00933D23 /* Build configuration list for PBXNativeTarget "PartyRockApp" */;
			buildPhases = (
				96E7BE161E2336FA00933D23 /* Sources */,
				96E7BE171E2336FA00933D23 /* Frameworks */,
				96E7BE181E2336FA00933D23 /* Resources */,
			);
			buildRules = (
			);
			dependencies = (
			);
			name = PartyRockApp;
			productName = PartyRockApp;
			productReference = 96E7BE1A1E2336FA00933D23 /* PartyRockApp.app */;
			productType = "com.apple.product-type.application";
		};
/* End PBXNativeTarget section */

/* Begin PBXProject section */
		96E7BE121E2336FA00933D23 /* Project object */ = {
			isa = PBXProject;
			attributes = {
				LastSwiftUpdateCheck = 0820;
				LastUpgradeCheck = 0820;
				ORGANIZATIONNAME = "Matthew Chung";
				TargetAttributes = {
					96E7BE191E2336FA00933D23 = {
						CreatedOnToolsVersion = 8.2.1;
						DevelopmentTeam = EQLUYL4AC4;
						ProvisioningStyle = Automatic;
					};
				};
			};
			buildConfigurationList = 96E7BE151E2336FA00933D23 /* Build configuration list for PBXProject "PartyRockApp" */;
			compatibilityVersion = "Xcode 3.2";
			developmentRegion = English;
			hasScannedForEncodings = 0;
			knownRegions = (
				en,
				Base,
			);
			mainGroup = 96E7BE111E2336FA00933D23;
			productRefGroup = 96E7BE1B1E2336FA00933D23 /* Products */;
			projectDirPath = "";
			projectRoot = "";
			targets = (
				96E7BE191E2336FA00933D23 /* PartyRockApp */,
			);
		};
/* End PBXProject section */

/* Begin PBXResourcesBuildPhase section */
		96E7BE181E2336FA00933D23 /* Resources */ = {
			isa = PBXResourcesBuildPhase;
			buildActionMask = 2147483647;
			files = (
				96E7BE331E233DAE00933D23 /* StillTime.ttf in Resources */,
				96E7BE281E2336FA00933D23 /* LaunchScreen.storyboard in Resources */,
				96E7BE251E2336FA00933D23 /* Assets.xcassets in Resources */,
				96E7BE231E2336FA00933D23 /* Main.storyboard in Resources */,
			);
			runOnlyForDeploymentPostprocessing = 0;
		};
/* End PBXResourcesBuildPhase section */

/* Begin PBXSourcesBuildPhase section */
		96E7BE161E2336FA00933D23 /* Sources */ = {
			isa = PBXSourcesBuildPhase;
			buildActionMask = 2147483647;
			files = (
				96E7BE361E233F4100933D23 /* VideoVC.swift in Sources */,
				96E7BE201E2336FA00933D23 /* MainVC.swift in Sources */,
				96E7BE3A1E2341C900933D23 /* PartyRock.swift in Sources */,
				96E7BE381E23408000933D23 /* PartyCell.swift in Sources */,
				96E7BE1E1E2336FA00933D23 /* AppDelegate.swift in Sources */,
			);
			runOnlyForDeploymentPostprocessing = 0;
		};
/* End PBXSourcesBuildPhase section */

/* Begin PBXVariantGroup section */
		96E7BE211E2336FA00933D23 /* Main.storyboard */ = {
			isa = PBXVariantGroup;
			children = (
				96E7BE221E2336FA00933D23 /* Base */,
			);
			name = Main.storyboard;
			sourceTree = "<group>";
		};
		96E7BE261E2336FA00933D23 /* LaunchScreen.storyboard */ = {
			isa = PBXVariantGroup;
			children = (
				96E7BE271E2336FA00933D23 /* Base */,
			);
			name = LaunchScreen.storyboard;
			sourceTree = "<group>";
		};
/* End PBXVariantGroup section */

/* Begin XCBuildConfiguration section */
		96E7BE2A1E2336FA00933D23 /* Debug */ = {
			isa = XCBuildConfiguration;
			buildSettings = {
				ALWAYS_SEARCH_USER_PATHS = NO;
				CLANG_ANALYZER_NONNULL = YES;
				CLANG_CXX_LANGUAGE_STANDARD = "gnu++0x";
				CLANG_CXX_LIBRARY = "libc++";
				CLANG_ENABLE_MODULES = YES;
				CLANG_ENABLE_OBJC_ARC = YES;
				CLANG_WARN_BOOL_CONVERSION = YES;
				CLANG_WARN_CONSTANT_CONVERSION = YES;
				CLANG_WARN_DIRECT_OBJC_ISA_USAGE = YES_ERROR;
				CLANG_WARN_DOCUMENTATION_COMMENTS = YES;
				CLANG_WARN_EMPTY_BODY = YES;
				CLANG_WARN_ENUM_CONVERSION = YES;
				CLANG_WARN_INFINITE_RECURSION = YES;
				CLANG_WARN_INT_CONVERSION = YES;
				CLANG_WARN_OBJC_ROOT_CLASS = YES_ERROR;
				CLANG_WARN_SUSPICIOUS_MOVE = YES;
				CLANG_WARN_UNREACHABLE_CODE = YES;
				CLANG_WARN__DUPLICATE_METHOD_MATCH = YES;
				"CODE_SIGN_IDENTITY[sdk=iphoneos*]" = "iPhone Developer";
				COPY_PHASE_STRIP = NO;
				DEBUG_INFORMATION_FORMAT = dwarf;
				ENABLE_STRICT_OBJC_MSGSEND = YES;
				ENABLE_TESTABILITY = YES;
				GCC_C_LANGUAGE_STANDARD = gnu99;
				GCC_DYNAMIC_NO_PIC = NO;
				GCC_NO_COMMON_BLOCKS = YES;
				GCC_OPTIMIZATION_LEVEL = 0;
				GCC_PREPROCESSOR_DEFINITIONS = (
					"DEBUG=1",
					"$(inherited)",
				);
				GCC_WARN_64_TO_32_BIT_CONVERSION = YES;
				GCC_WARN_ABOUT_RETURN_TYPE = YES_ERROR;
				GCC_WARN_UNDECLARED_SELECTOR = YES;
				GCC_WARN_UNINITIALIZED_AUTOS = YES_AGGRESSIVE;
				GCC_WARN_UNUSED_FUNCTION = YES;
				GCC_WARN_UNUSED_VARIABLE = YES;
				IPHONEOS_DEPLOYMENT_TARGET = 10.2;
				MTL_ENABLE_DEBUG_INFO = YES;
				ONLY_ACTIVE_ARCH = YES;
				SDKROOT = iphoneos;
				SWIFT_ACTIVE_COMPILATION_CONDITIONS = DEBUG;
				SWIFT_OPTIMIZATION_LEVEL = "-Onone";
				TARGETED_DEVICE_FAMILY = "1,2";
			};
			name = Debug;
		};
		96E7BE2B1E2336FA00933D23 /* Release */ = {
			isa = XCBuildConfiguration;
			buildSettings = {
				ALWAYS_SEARCH_USER_PATHS = NO;
				CLANG_ANALYZER_NONNULL = YES;
				CLANG_CXX_LANGUAGE_STANDARD = "gnu++0x";
				CLANG_CXX_LIBRARY = "libc++";
				CLANG_ENABLE_MODULES = YES;
				CLANG_ENABLE_OBJC_ARC = YES;
				CLANG_WARN_BOOL_CONVERSION = YES;
				CLANG_WARN_CONSTANT_CONVERSION = YES;
				CLANG_WARN_DIRECT_OBJC_ISA_USAGE = YES_ERROR;
				CLANG_WARN_DOCUMENTATION_COMMENTS = YES;
				CLANG_WARN_EMPTY_BODY = YES;
				CLANG_WARN_ENUM_CONVERSION = YES;
				CLANG_WARN_INFINITE_RECURSION = YES;
				CLANG_WARN_INT_CONVERSION = YES;
				CLANG_WARN_OBJC_ROOT_CLASS = YES_ERROR;
				CLANG_WARN_SUSPICIOUS_MOVE = YES;
				CLANG_WARN_UNREACHABLE_CODE = YES;
				CLANG_WARN__DUPLICATE_METHOD_MATCH = YES;
				"CODE_SIGN_IDENTITY[sdk=iphoneos*]" = "iPhone Developer";
				COPY_PHASE_STRIP = NO;
				DEBUG_INFORMATION_FORMAT = "dwarf-with-dsym";
				ENABLE_NS_ASSERTIONS = NO;
				ENABLE_STRICT_OBJC_MSGSEND = YES;
				GCC_C_LANGUAGE_STANDARD = gnu99;
				GCC_NO_COMMON_BLOCKS = YES;
				GCC_WARN_64_TO_32_BIT_CONVERSION = YES;
				GCC_WARN_ABOUT_RETURN_TYPE = YES_ERROR;
				GCC_WARN_UNDECLARED_SELECTOR = YES;
				GCC_WARN_UNINITIALIZED_AUTOS = YES_AGGRESSIVE;
				GCC_WARN_UNUSED_FUNCTION = YES;
				GCC_WARN_UNUSED_VARIABLE = YES;
				IPHONEOS_DEPLOYMENT_TARGET = 10.2;
				MTL_ENABLE_DEBUG_INFO = NO;
				SDKROOT = iphoneos;
				SWIFT_OPTIMIZATION_LEVEL = "-Owholemodule";
				TARGETED_DEVICE_FAMILY = "1,2";
				VALIDATE_PRODUCT = YES;
			};
			name = Release;
		};
		96E7BE2D1E2336FA00933D23 /* Debug */ = {
			isa = XCBuildConfiguration;
			buildSettings = {
				ASSETCATALOG_COMPILER_APPICON_NAME = AppIcon;
				DEVELOPMENT_TEAM = EQLUYL4AC4;
				INFOPLIST_FILE = PartyRockApp/Info.plist;
				LD_RUNPATH_SEARCH_PATHS = "$(inherited) @executable_path/Frameworks";
				PRODUCT_BUNDLE_IDENTIFIER = com.matthewnchung.PartyRockApp;
				PRODUCT_NAME = "$(TARGET_NAME)";
				SWIFT_VERSION = 3.0;
			};
			name = Debug;
		};
		96E7BE2E1E2336FA00933D23 /* Release */ = {
			isa = XCBuildConfiguration;
			buildSettings = {
				ASSETCATALOG_COMPILER_APPICON_NAME = AppIcon;
				DEVELOPMENT_TEAM = EQLUYL4AC4;
				INFOPLIST_FILE = PartyRockApp/Info.plist;
				LD_RUNPATH_SEARCH_PATHS = "$(inherited) @executable_path/Frameworks";
				PRODUCT_BUNDLE_IDENTIFIER = com.matthewnchung.PartyRockApp;
				PRODUCT_NAME = "$(TARGET_NAME)";
				SWIFT_VERSION = 3.0;
			};
			name = Release;
		};
/* End XCBuildConfiguration section */

/* Begin XCConfigurationList section */
		96E7BE151E2336FA00933D23 /* Build configuration list for PBXProject "PartyRockApp" */ = {
			isa = XCConfigurationList;
			buildConfigurations = (
				96E7BE2A1E2336FA00933D23 /* Debug */,
				96E7BE2B1E2336FA00933D23 /* Release */,
			);
			defaultConfigurationIsVisible = 0;
			defaultConfigurationName = Release;
		};
		96E7BE2C1E2336FA00933D23 /* Build configuration list for PBXNativeTarget "PartyRockApp" */ = {
			isa = XCConfigurationList;
			buildConfigurations = (
				96E7BE2D1E2336FA00933D23 /* Debug */,
				96E7BE2E1E2336FA00933D23 /* Release */,
			);
			defaultConfigurationIsVisible = 0;
		};
/* End XCConfigurationList section */
	};
	rootObject = 96E7BE121E2336FA00933D23 /* Project object */;
}
